{
  "name": ".dotfiles",
  "lockfileVersion": 2,
  "requires": true,
  "packages": {
    "": {
      "dependencies": {
        "github-markdown-dracula-css": "^4.0.3"
      }
    },
    "node_modules/github-markdown-dracula-css": {
      "version": "4.0.3",
      "resolved": "https://registry.npmjs.org/github-markdown-dracula-css/-/github-markdown-dracula-css-4.0.3.tgz",
      "integrity": "sha512-k4MhvYT0Go9OklWX3kKmzbR14sPBg1RvocAgw2Z1uSqqDzUyvFdaoBWkJS/xszVCEuKIiVBJesYzd5IH46e/3w=="
    }
  },
  "dependencies": {
    "github-markdown-dracula-css": {
      "version": "4.0.3",
      "resolved": "https://registry.npmjs.org/github-markdown-dracula-css/-/github-markdown-dracula-css-4.0.3.tgz",
      "integrity": "sha512-k4MhvYT0Go9OklWX3kKmzbR14sPBg1RvocAgw2Z1uSqqDzUyvFdaoBWkJS/xszVCEuKIiVBJesYzd5IH46e/3w=="
    }
  }
}
